
Microsoft Visual Studio Solution File, Format Version 12.00
# Visual Studio 15
VisualStudioVersion = 15.0.28307.1831
MinimumVisualStudioVersion = 10.0.40219.1
Project("{8BC9CEB8-8B4A-11D0-8D11-00A0C91BC942}") = "15、并查集及其相关题目", "src\15、并查集及其相关题目\15、并查集及其相关题目.vcxproj", "{46E792C1-3A38-4E54-B20F-1DE9EB3CBF8B}"
EndProject
Project("{8BC9CEB8-8B4A-11D0-8D11-00A0C91BC942}") = "common", "src\common\common.vcxproj", "{EE15395F-B4C6-4001-AC2E-D34AD21AB79C}"
EndProject
Project("{2150E333-8FDC-42A3-9474-1A3956D46DE8}") = "公用", "公用", "{1ACC7E91-7528-40AC-9BA6-EEB63C294249}"
EndProject
Project("{2150E333-8FDC-42A3-9474-1A3956D46DE8}") = "课程15-30", "课程15-30", "{A541AD1E-A869-42A5-9A6A-56D48DEEA01C}"
EndProject
Project("{8BC9CEB8-8B4A-11D0-8D11-00A0C91BC942}") = "16、图", "src\16、图\16、图.vcxproj", "{99E334A7-858A-4C08-A70A-A4CB4D9E7888}"
EndProject
Project("{8BC9CEB8-8B4A-11D0-8D11-00A0C91BC942}") = "17、好的尝试与递归", "src\17、好的尝试与递归\17、好的尝试与递归.vcxproj", "{E3F21410-2B79-4517-9838-7E6DBD6F9726}"
EndProject
Project("{8BC9CEB8-8B4A-11D0-8D11-00A0C91BC942}") = "18、暴力递归到动态规划(一)", "src\18、暴力递归到动态规划(一)\18、暴力递归到动态规划(一).vcxproj", "{A2077535-83DC-479E-BA98-01F72FB86960}"
EndProject
Project("{8BC9CEB8-8B4A-11D0-8D11-00A0C91BC942}") = "19、暴力递归到动态规划(二)", "src\19、暴力递归到动态规划(二)\19、暴力递归到动态规划(二).vcxproj", "{23A37D12-73E3-4919-9FDB-154775AA50BB}"
EndProject
Project("{8BC9CEB8-8B4A-11D0-8D11-00A0C91BC942}") = "20、暴力递归到动态规划(三)", "src\20、暴力递归到动态规划(三)\20、暴力递归到动态规划(三).vcxproj", "{F6B9A7AA-CB68-44ED-A683-B517CA69EC81}"
EndProject
Project("{8BC9CEB8-8B4A-11D0-8D11-00A0C91BC942}") = "21、暴力递归与动态规划(四)", "src\21、暴力递归与动态规划(四)\21、暴力递归与动态规划(四).vcxproj", "{9A449CB3-1476-4FD1-B342-B6412B644B04}"
EndProject
Project("{8BC9CEB8-8B4A-11D0-8D11-00A0C91BC942}") = "22、暴力递归到动态规划(五)", "src\22、暴力递归到动态规划(五)\22、暴力递归到动态规划(五).vcxproj", "{A2F67850-0F6F-427C-BE97-9CF2ABFE6629}"
EndProject
Project("{8BC9CEB8-8B4A-11D0-8D11-00A0C91BC942}") = "23、暴力递归到动态规划(六)", "src\23、暴力递归到动态规划(六)\23、暴力递归到动态规划(六).vcxproj", "{2D19E521-0BD2-44DF-B021-FC2A7739455D}"
EndProject
Project("{8BC9CEB8-8B4A-11D0-8D11-00A0C91BC942}") = "24、窗口内最大值或最小值的更新结构", "src\24、窗口内最大值或最小值的更新结构\24、窗口内最大值或最小值的更新结构.vcxproj", "{6A807641-99C6-43B2-8E36-5DF81243133D}"
EndProject
Project("{8BC9CEB8-8B4A-11D0-8D11-00A0C91BC942}") = "25、单调栈", "src\25、单调栈\25、单调栈.vcxproj", "{0C36CD85-BA08-4184-B757-DF25DB8D5F48}"
EndProject
Project("{8BC9CEB8-8B4A-11D0-8D11-00A0C91BC942}") = "27、KMP算法", "src\27、KMP算法\27、KMP算法.vcxproj", "{D1E286A7-1062-495D-8991-80FF4FC23530}"
EndProject
Project("{8BC9CEB8-8B4A-11D0-8D11-00A0C91BC942}") = "26、单调栈（续）、由斐波那契数列讲述矩阵快速幂技巧", "src\26、单调栈（续）、由斐波那契数列讲述矩阵快速幂技巧\26、单调栈（续）、由斐波那契数列讲述矩阵快速幂技巧.vcxproj", "{E20285D0-6D99-4654-B960-AC2BB4CF1D58}"
EndProject
Project("{8BC9CEB8-8B4A-11D0-8D11-00A0C91BC942}") = "28、Manacher算法", "src\28、Manacher算法\28、Manacher算法.vcxproj", "{4E3E8C28-98CD-4883-BD91-6ABD501225FD}"
EndProject
Project("{8BC9CEB8-8B4A-11D0-8D11-00A0C91BC942}") = "29、bfprt算法、蓄水池算法", "src\29、bfprt算法、蓄水池算法\29、bfprt算法、蓄水池算法.vcxproj", "{609BC22F-A045-469C-88BB-DFB9D8E96773}"
EndProject
Project("{8BC9CEB8-8B4A-11D0-8D11-00A0C91BC942}") = "30、Morris遍历", "src\30、Morris遍历\30、Morris遍历.vcxproj", "{C5ECFEE8-3A4D-4CB5-82B3-095F8319AA46}"
EndProject
Project("{8BC9CEB8-8B4A-11D0-8D11-00A0C91BC942}") = "31、线段树", "src\31、线段树\31、线段树.vcxproj", "{61A2EC46-12CD-4B80-A312-843275853628}"
EndProject
Project("{8BC9CEB8-8B4A-11D0-8D11-00A0C91BC942}") = "32、indextree、AC机", "src\32、indextree、AC机\32、indextree、AC机.vcxproj", "{516E05AD-2CFB-4E53-8415-D95A4207B193}"
EndProject
Project("{8BC9CEB8-8B4A-11D0-8D11-00A0C91BC942}") = "33、与哈希函数有关的结构", "src\33、与哈希函数有关的结构\33、与哈希函数有关的结构.vcxproj", "{9B1C38C6-70BC-4C21-8BD0-DFEAA84AC233}"
EndProject
Project("{2150E333-8FDC-42A3-9474-1A3956D46DE8}") = "课程31-40", "课程31-40", "{F7F75B0F-C66F-4C20-A970-B9F164ABBB26}"
EndProject
Project("{8BC9CEB8-8B4A-11D0-8D11-00A0C91BC942}") = "34、资源限制类题目的解题套路", "src\34、资源限制类题目的解题套路\34、资源限制类题目的解题套路.vcxproj", "{B26AADAD-980E-4A83-9F67-D3C9675214A5}"
EndProject
Project("{8BC9CEB8-8B4A-11D0-8D11-00A0C91BC942}") = "35、有序表（一）", "src\35、有序表（一）\35、有序表（一）.vcxproj", "{933783A9-1EB1-496D-BA6B-6B6DF47FF5C9}"
EndProject
Project("{8BC9CEB8-8B4A-11D0-8D11-00A0C91BC942}") = "36、有序表(二)", "src\36、有序表(二)\36、有序表(二).vcxproj", "{13A8C1B0-2888-4084-8E24-68BCAB6203D0}"
EndProject
Project("{8BC9CEB8-8B4A-11D0-8D11-00A0C91BC942}") = "37、有序表(三)", "src\37、有序表(三)\37、有序表(三).vcxproj", "{00242FC5-577B-48C6-AAAF-0192FC98F257}"
EndProject
Project("{8BC9CEB8-8B4A-11D0-8D11-00A0C91BC942}") = "38、根据对数器找规律、根据数据量猜解法", "src\38、根据对数器找规律、根据数据量猜解法\38、根据对数器找规律、根据数据量猜解法.vcxproj", "{095EB0C6-2E86-431D-AE0C-3CB669A9A57A}"
EndProject
Project("{8BC9CEB8-8B4A-11D0-8D11-00A0C91BC942}") = "39、根据数据量猜解法（续）、卡特兰数", "src\39、根据数据量猜解法（续）、卡特兰数\39、根据数据量猜解法（续）、卡特兰数.vcxproj", "{B094CD95-8B57-4698-BD31-D7EF9EE6E03D}"
EndProject
Project("{8BC9CEB8-8B4A-11D0-8D11-00A0C91BC942}") = "40、子数组达到规定累加和的最大长度系列问题", "src\40、子数组达到规定累加和的最大长度系列问题\40、子数组达到规定累加和的最大长度系列问题.vcxproj", "{4B244AFF-9758-442D-B490-9A23B9311B00}"
EndProject
Project("{2150E333-8FDC-42A3-9474-1A3956D46DE8}") = "课程41-48", "课程41-48", "{9813D84F-C6DD-40D1-B1C0-DEA3D81F5B43}"
EndProject
Project("{8BC9CEB8-8B4A-11D0-8D11-00A0C91BC942}") = "41、四边形不等式技巧", "src\41、四边形不等式技巧\41、四边形不等式技巧.vcxproj", "{903BEA36-CDB7-4A55-A045-6CC40EA1D932}"
EndProject
Project("{8BC9CEB8-8B4A-11D0-8D11-00A0C91BC942}") = "42、四边形不等式技巧(二)", "src\42、四边形不等式技巧(二)\42、四边形不等式技巧(二).vcxproj", "{3B71CDC9-B64E-4AF6-B542-F65DE5F053B3}"
EndProject
Project("{8BC9CEB8-8B4A-11D0-8D11-00A0C91BC942}") = "43、状态压缩的动态规划", "src\43、状态压缩的动态规划\43、状态压缩的动态规划.vcxproj", "{B796E8EB-59CF-4709-9776-A7EC48777713}"
EndProject
Project("{8BC9CEB8-8B4A-11D0-8D11-00A0C91BC942}") = "44、DC3生成后缀数组详解", "src\44、DC3生成后缀数组详解\44、DC3生成后缀数组详解.vcxproj", "{5F803A59-81C5-421F-BF9B-1A11535C6133}"
EndProject
Project("{8BC9CEB8-8B4A-11D0-8D11-00A0C91BC942}") = "45、后缀数组解决的面试题", "src\45、后缀数组解决的面试题\45、后缀数组解决的面试题.vcxproj", "{D8B2C060-9581-408C-AF96-9936B749E885}"
EndProject
Project("{8BC9CEB8-8B4A-11D0-8D11-00A0C91BC942}") = "46、动态规划猜法中和外部信息简化的相关问题", "src\46、动态规划猜法中和外部信息简化的相关问题\46、动态规划猜法中和外部信息简化的相关问题.vcxproj", "{5329FAEF-3BC7-46E7-9CBD-1C8D55B2D586}"
EndProject
Project("{8BC9CEB8-8B4A-11D0-8D11-00A0C91BC942}") = "47、动态规划猜法中和外部信息简化的相关问题（下）", "src\47、动态规划猜法中和外部信息简化的相关问题（下）\47、动态规划猜法中和外部信息简化的相关问题（下）.vcxproj", "{CEDFB6DB-B5AD-4856-9A1A-0A7556A23D2D}"
EndProject
Project("{2150E333-8FDC-42A3-9474-1A3956D46DE8}") = "课程1-14", "课程1-14", "{CE06CEA1-1D83-4F32-80D8-0B9718DE6C49}"
EndProject
Project("{8BC9CEB8-8B4A-11D0-8D11-00A0C91BC942}") = "1、认识复杂度、对数器、二分法", "src\1、认识复杂度、对数器、二分法\1、认识复杂度、对数器、二分法.vcxproj", "{DF89636F-A16C-4045-B4C6-2C303D768E24}"
EndProject
Project("{8BC9CEB8-8B4A-11D0-8D11-00A0C91BC942}") = "2、异或运算相关面试题", "src\2、异或运算相关面试题\2、异或运算相关面试题.vcxproj", "{7F3AFBCD-CF50-4A39-B188-FBE1537F9AD5}"
EndProject
Project("{8BC9CEB8-8B4A-11D0-8D11-00A0C91BC942}") = "3、一些基础的数据结构", "src\3、一些基础的数据结构\3、一些基础的数据结构.vcxproj", "{1A8274CF-2BA4-425E-A535-A30E03235C46}"
EndProject
Project("{8BC9CEB8-8B4A-11D0-8D11-00A0C91BC942}") = "4、归并排序及其相关面试题", "src\4、归并排序及其相关面试题\4、归并排序及其相关面试题.vcxproj", "{F1062BBA-BCA9-47D4-A417-14E9A057552F}"
EndProject
Project("{8BC9CEB8-8B4A-11D0-8D11-00A0C91BC942}") = "5、归并排序附加题、随机快速排序", "src\5、归并排序附加题、随机快速排序\5、归并排序附加题、随机快速排序.vcxproj", "{3D727DD8-6AC1-497C-8CB4-174CAB2CF213}"
EndProject
Project("{8BC9CEB8-8B4A-11D0-8D11-00A0C91BC942}") = "6、堆和堆排序", "src\6、堆和堆排序\6、堆和堆排序.vcxproj", "{F6D22855-1583-4AF2-88D5-27DCD5054A3A}"
EndProject
Project("{8BC9CEB8-8B4A-11D0-8D11-00A0C91BC942}") = "7、加强堆", "src\7、加强堆\7、加强堆.vcxproj", "{18E2E67D-9394-4165-88BD-1A151616B368}"
EndProject
Project("{8BC9CEB8-8B4A-11D0-8D11-00A0C91BC942}") = "8、前缀树、不基于比较的排序、排序稳定性", "src\8、前缀树、不基于比较的排序、排序稳定性\8、前缀树、不基于比较的排序、排序稳定性.vcxproj", "{CEADC69F-510D-4A1E-B0F0-47046385EA8E}"
EndProject
Project("{8BC9CEB8-8B4A-11D0-8D11-00A0C91BC942}") = "9、排序总结、链表相关面试题", "src\9、排序总结、链表相关面试题\9、排序总结、链表相关面试题.vcxproj", "{52A724F9-7CCF-43DD-BFD1-54CC9E5C9166}"
EndProject
Project("{8BC9CEB8-8B4A-11D0-8D11-00A0C91BC942}") = "10、二叉树基本算法（上）", "src\10、二叉树基本算法（上）\10、二叉树基本算法（上）.vcxproj", "{C45D0FBF-A474-40F5-8A1C-3E402DCE9E00}"
EndProject
Project("{8BC9CEB8-8B4A-11D0-8D11-00A0C91BC942}") = "11、二叉树的基本算法（下）", "src\11、二叉树的基本算法（下）\11、二叉树的基本算法（下）.vcxproj", "{3A5BB360-7271-425B-984C-D5E042610C44}"
EndProject
Project("{8BC9CEB8-8B4A-11D0-8D11-00A0C91BC942}") = "12、二叉树的基本算法+二叉树的递归套路", "src\12、二叉树的基本算法+二叉树的递归套路\12、二叉树的基本算法+二叉树的递归套路.vcxproj", "{0832790F-2954-44E6-B902-360D70B1FB21}"
EndProject
Project("{8BC9CEB8-8B4A-11D0-8D11-00A0C91BC942}") = "13、贪心算法（上）", "src\13、贪心算法（上）\13、贪心算法（上）.vcxproj", "{97C5FCBB-D408-4EC8-9B58-BAC23ACF8D10}"
EndProject
Project("{8BC9CEB8-8B4A-11D0-8D11-00A0C91BC942}") = "14、贪心算法（下）", "src\14、贪心算法（下）\14、贪心算法（下）.vcxproj", "{4F0E0E94-8DE6-40A4-8679-89331F002FE1}"
EndProject
Global
	GlobalSection(SolutionConfigurationPlatforms) = preSolution
		Debug|x64 = Debug|x64
		Debug|x86 = Debug|x86
		Release|x64 = Release|x64
		Release|x86 = Release|x86
	EndGlobalSection
	GlobalSection(ProjectConfigurationPlatforms) = postSolution
		{46E792C1-3A38-4E54-B20F-1DE9EB3CBF8B}.Debug|x64.ActiveCfg = Debug|x64
		{46E792C1-3A38-4E54-B20F-1DE9EB3CBF8B}.Debug|x64.Build.0 = Debug|x64
		{46E792C1-3A38-4E54-B20F-1DE9EB3CBF8B}.Debug|x86.ActiveCfg = Debug|Win32
		{46E792C1-3A38-4E54-B20F-1DE9EB3CBF8B}.Debug|x86.Build.0 = Debug|Win32
		{46E792C1-3A38-4E54-B20F-1DE9EB3CBF8B}.Release|x64.ActiveCfg = Release|x64
		{46E792C1-3A38-4E54-B20F-1DE9EB3CBF8B}.Release|x64.Build.0 = Release|x64
		{46E792C1-3A38-4E54-B20F-1DE9EB3CBF8B}.Release|x86.ActiveCfg = Release|Win32
		{46E792C1-3A38-4E54-B20F-1DE9EB3CBF8B}.Release|x86.Build.0 = Release|Win32
		{EE15395F-B4C6-4001-AC2E-D34AD21AB79C}.Debug|x64.ActiveCfg = Debug|x64
		{EE15395F-B4C6-4001-AC2E-D34AD21AB79C}.Debug|x64.Build.0 = Debug|x64
		{EE15395F-B4C6-4001-AC2E-D34AD21AB79C}.Debug|x86.ActiveCfg = Debug|Win32
		{EE15395F-B4C6-4001-AC2E-D34AD21AB79C}.Debug|x86.Build.0 = Debug|Win32
		{EE15395F-B4C6-4001-AC2E-D34AD21AB79C}.Release|x64.ActiveCfg = Release|x64
		{EE15395F-B4C6-4001-AC2E-D34AD21AB79C}.Release|x64.Build.0 = Release|x64
		{EE15395F-B4C6-4001-AC2E-D34AD21AB79C}.Release|x86.ActiveCfg = Release|Win32
		{EE15395F-B4C6-4001-AC2E-D34AD21AB79C}.Release|x86.Build.0 = Release|Win32
		{99E334A7-858A-4C08-A70A-A4CB4D9E7888}.Debug|x64.ActiveCfg = Debug|x64
		{99E334A7-858A-4C08-A70A-A4CB4D9E7888}.Debug|x64.Build.0 = Debug|x64
		{99E334A7-858A-4C08-A70A-A4CB4D9E7888}.Debug|x86.ActiveCfg = Debug|Win32
		{99E334A7-858A-4C08-A70A-A4CB4D9E7888}.Debug|x86.Build.0 = Debug|Win32
		{99E334A7-858A-4C08-A70A-A4CB4D9E7888}.Release|x64.ActiveCfg = Release|x64
		{99E334A7-858A-4C08-A70A-A4CB4D9E7888}.Release|x64.Build.0 = Release|x64
		{99E334A7-858A-4C08-A70A-A4CB4D9E7888}.Release|x86.ActiveCfg = Release|Win32
		{99E334A7-858A-4C08-A70A-A4CB4D9E7888}.Release|x86.Build.0 = Release|Win32
		{E3F21410-2B79-4517-9838-7E6DBD6F9726}.Debug|x64.ActiveCfg = Debug|x64
		{E3F21410-2B79-4517-9838-7E6DBD6F9726}.Debug|x64.Build.0 = Debug|x64
		{E3F21410-2B79-4517-9838-7E6DBD6F9726}.Debug|x86.ActiveCfg = Debug|Win32
		{E3F21410-2B79-4517-9838-7E6DBD6F9726}.Debug|x86.Build.0 = Debug|Win32
		{E3F21410-2B79-4517-9838-7E6DBD6F9726}.Release|x64.ActiveCfg = Release|x64
		{E3F21410-2B79-4517-9838-7E6DBD6F9726}.Release|x64.Build.0 = Release|x64
		{E3F21410-2B79-4517-9838-7E6DBD6F9726}.Release|x86.ActiveCfg = Release|Win32
		{E3F21410-2B79-4517-9838-7E6DBD6F9726}.Release|x86.Build.0 = Release|Win32
		{A2077535-83DC-479E-BA98-01F72FB86960}.Debug|x64.ActiveCfg = Debug|x64
		{A2077535-83DC-479E-BA98-01F72FB86960}.Debug|x64.Build.0 = Debug|x64
		{A2077535-83DC-479E-BA98-01F72FB86960}.Debug|x86.ActiveCfg = Debug|Win32
		{A2077535-83DC-479E-BA98-01F72FB86960}.Debug|x86.Build.0 = Debug|Win32
		{A2077535-83DC-479E-BA98-01F72FB86960}.Release|x64.ActiveCfg = Release|x64
		{A2077535-83DC-479E-BA98-01F72FB86960}.Release|x64.Build.0 = Release|x64
		{A2077535-83DC-479E-BA98-01F72FB86960}.Release|x86.ActiveCfg = Release|Win32
		{A2077535-83DC-479E-BA98-01F72FB86960}.Release|x86.Build.0 = Release|Win32
		{23A37D12-73E3-4919-9FDB-154775AA50BB}.Debug|x64.ActiveCfg = Debug|x64
		{23A37D12-73E3-4919-9FDB-154775AA50BB}.Debug|x64.Build.0 = Debug|x64
		{23A37D12-73E3-4919-9FDB-154775AA50BB}.Debug|x86.ActiveCfg = Debug|Win32
		{23A37D12-73E3-4919-9FDB-154775AA50BB}.Debug|x86.Build.0 = Debug|Win32
		{23A37D12-73E3-4919-9FDB-154775AA50BB}.Release|x64.ActiveCfg = Release|x64
		{23A37D12-73E3-4919-9FDB-154775AA50BB}.Release|x64.Build.0 = Release|x64
		{23A37D12-73E3-4919-9FDB-154775AA50BB}.Release|x86.ActiveCfg = Release|Win32
		{23A37D12-73E3-4919-9FDB-154775AA50BB}.Release|x86.Build.0 = Release|Win32
		{F6B9A7AA-CB68-44ED-A683-B517CA69EC81}.Debug|x64.ActiveCfg = Debug|x64
		{F6B9A7AA-CB68-44ED-A683-B517CA69EC81}.Debug|x64.Build.0 = Debug|x64
		{F6B9A7AA-CB68-44ED-A683-B517CA69EC81}.Debug|x86.ActiveCfg = Debug|Win32
		{F6B9A7AA-CB68-44ED-A683-B517CA69EC81}.Debug|x86.Build.0 = Debug|Win32
		{F6B9A7AA-CB68-44ED-A683-B517CA69EC81}.Release|x64.ActiveCfg = Release|x64
		{F6B9A7AA-CB68-44ED-A683-B517CA69EC81}.Release|x64.Build.0 = Release|x64
		{F6B9A7AA-CB68-44ED-A683-B517CA69EC81}.Release|x86.ActiveCfg = Release|Win32
		{F6B9A7AA-CB68-44ED-A683-B517CA69EC81}.Release|x86.Build.0 = Release|Win32
		{9A449CB3-1476-4FD1-B342-B6412B644B04}.Debug|x64.ActiveCfg = Debug|x64
		{9A449CB3-1476-4FD1-B342-B6412B644B04}.Debug|x64.Build.0 = Debug|x64
		{9A449CB3-1476-4FD1-B342-B6412B644B04}.Debug|x86.ActiveCfg = Debug|Win32
		{9A449CB3-1476-4FD1-B342-B6412B644B04}.Debug|x86.Build.0 = Debug|Win32
		{9A449CB3-1476-4FD1-B342-B6412B644B04}.Release|x64.ActiveCfg = Release|x64
		{9A449CB3-1476-4FD1-B342-B6412B644B04}.Release|x64.Build.0 = Release|x64
		{9A449CB3-1476-4FD1-B342-B6412B644B04}.Release|x86.ActiveCfg = Release|Win32
		{9A449CB3-1476-4FD1-B342-B6412B644B04}.Release|x86.Build.0 = Release|Win32
		{A2F67850-0F6F-427C-BE97-9CF2ABFE6629}.Debug|x64.ActiveCfg = Debug|x64
		{A2F67850-0F6F-427C-BE97-9CF2ABFE6629}.Debug|x64.Build.0 = Debug|x64
		{A2F67850-0F6F-427C-BE97-9CF2ABFE6629}.Debug|x86.ActiveCfg = Debug|Win32
		{A2F67850-0F6F-427C-BE97-9CF2ABFE6629}.Debug|x86.Build.0 = Debug|Win32
		{A2F67850-0F6F-427C-BE97-9CF2ABFE6629}.Release|x64.ActiveCfg = Release|x64
		{A2F67850-0F6F-427C-BE97-9CF2ABFE6629}.Release|x64.Build.0 = Release|x64
		{A2F67850-0F6F-427C-BE97-9CF2ABFE6629}.Release|x86.ActiveCfg = Release|Win32
		{A2F67850-0F6F-427C-BE97-9CF2ABFE6629}.Release|x86.Build.0 = Release|Win32
		{2D19E521-0BD2-44DF-B021-FC2A7739455D}.Debug|x64.ActiveCfg = Debug|x64
		{2D19E521-0BD2-44DF-B021-FC2A7739455D}.Debug|x64.Build.0 = Debug|x64
		{2D19E521-0BD2-44DF-B021-FC2A7739455D}.Debug|x86.ActiveCfg = Debug|Win32
		{2D19E521-0BD2-44DF-B021-FC2A7739455D}.Debug|x86.Build.0 = Debug|Win32
		{2D19E521-0BD2-44DF-B021-FC2A7739455D}.Release|x64.ActiveCfg = Release|x64
		{2D19E521-0BD2-44DF-B021-FC2A7739455D}.Release|x64.Build.0 = Release|x64
		{2D19E521-0BD2-44DF-B021-FC2A7739455D}.Release|x86.ActiveCfg = Release|Win32
		{2D19E521-0BD2-44DF-B021-FC2A7739455D}.Release|x86.Build.0 = Release|Win32
		{6A807641-99C6-43B2-8E36-5DF81243133D}.Debug|x64.ActiveCfg = Debug|x64
		{6A807641-99C6-43B2-8E36-5DF81243133D}.Debug|x64.Build.0 = Debug|x64
		{6A807641-99C6-43B2-8E36-5DF81243133D}.Debug|x86.ActiveCfg = Debug|Win32
		{6A807641-99C6-43B2-8E36-5DF81243133D}.Debug|x86.Build.0 = Debug|Win32
		{6A807641-99C6-43B2-8E36-5DF81243133D}.Release|x64.ActiveCfg = Release|x64
		{6A807641-99C6-43B2-8E36-5DF81243133D}.Release|x64.Build.0 = Release|x64
		{6A807641-99C6-43B2-8E36-5DF81243133D}.Release|x86.ActiveCfg = Release|Win32
		{6A807641-99C6-43B2-8E36-5DF81243133D}.Release|x86.Build.0 = Release|Win32
		{0C36CD85-BA08-4184-B757-DF25DB8D5F48}.Debug|x64.ActiveCfg = Debug|x64
		{0C36CD85-BA08-4184-B757-DF25DB8D5F48}.Debug|x64.Build.0 = Debug|x64
		{0C36CD85-BA08-4184-B757-DF25DB8D5F48}.Debug|x86.ActiveCfg = Debug|Win32
		{0C36CD85-BA08-4184-B757-DF25DB8D5F48}.Debug|x86.Build.0 = Debug|Win32
		{0C36CD85-BA08-4184-B757-DF25DB8D5F48}.Release|x64.ActiveCfg = Release|x64
		{0C36CD85-BA08-4184-B757-DF25DB8D5F48}.Release|x64.Build.0 = Release|x64
		{0C36CD85-BA08-4184-B757-DF25DB8D5F48}.Release|x86.ActiveCfg = Release|Win32
		{0C36CD85-BA08-4184-B757-DF25DB8D5F48}.Release|x86.Build.0 = Release|Win32
		{D1E286A7-1062-495D-8991-80FF4FC23530}.Debug|x64.ActiveCfg = Debug|x64
		{D1E286A7-1062-495D-8991-80FF4FC23530}.Debug|x64.Build.0 = Debug|x64
		{D1E286A7-1062-495D-8991-80FF4FC23530}.Debug|x86.ActiveCfg = Debug|Win32
		{D1E286A7-1062-495D-8991-80FF4FC23530}.Debug|x86.Build.0 = Debug|Win32
		{D1E286A7-1062-495D-8991-80FF4FC23530}.Release|x64.ActiveCfg = Release|x64
		{D1E286A7-1062-495D-8991-80FF4FC23530}.Release|x64.Build.0 = Release|x64
		{D1E286A7-1062-495D-8991-80FF4FC23530}.Release|x86.ActiveCfg = Release|Win32
		{D1E286A7-1062-495D-8991-80FF4FC23530}.Release|x86.Build.0 = Release|Win32
		{E20285D0-6D99-4654-B960-AC2BB4CF1D58}.Debug|x64.ActiveCfg = Debug|x64
		{E20285D0-6D99-4654-B960-AC2BB4CF1D58}.Debug|x64.Build.0 = Debug|x64
		{E20285D0-6D99-4654-B960-AC2BB4CF1D58}.Debug|x86.ActiveCfg = Debug|Win32
		{E20285D0-6D99-4654-B960-AC2BB4CF1D58}.Debug|x86.Build.0 = Debug|Win32
		{E20285D0-6D99-4654-B960-AC2BB4CF1D58}.Release|x64.ActiveCfg = Release|x64
		{E20285D0-6D99-4654-B960-AC2BB4CF1D58}.Release|x64.Build.0 = Release|x64
		{E20285D0-6D99-4654-B960-AC2BB4CF1D58}.Release|x86.ActiveCfg = Release|Win32
		{E20285D0-6D99-4654-B960-AC2BB4CF1D58}.Release|x86.Build.0 = Release|Win32
		{4E3E8C28-98CD-4883-BD91-6ABD501225FD}.Debug|x64.ActiveCfg = Debug|x64
		{4E3E8C28-98CD-4883-BD91-6ABD501225FD}.Debug|x64.Build.0 = Debug|x64
		{4E3E8C28-98CD-4883-BD91-6ABD501225FD}.Debug|x86.ActiveCfg = Debug|Win32
		{4E3E8C28-98CD-4883-BD91-6ABD501225FD}.Debug|x86.Build.0 = Debug|Win32
		{4E3E8C28-98CD-4883-BD91-6ABD501225FD}.Release|x64.ActiveCfg = Release|x64
		{4E3E8C28-98CD-4883-BD91-6ABD501225FD}.Release|x64.Build.0 = Release|x64
		{4E3E8C28-98CD-4883-BD91-6ABD501225FD}.Release|x86.ActiveCfg = Release|Win32
		{4E3E8C28-98CD-4883-BD91-6ABD501225FD}.Release|x86.Build.0 = Release|Win32
		{609BC22F-A045-469C-88BB-DFB9D8E96773}.Debug|x64.ActiveCfg = Debug|x64
		{609BC22F-A045-469C-88BB-DFB9D8E96773}.Debug|x64.Build.0 = Debug|x64
		{609BC22F-A045-469C-88BB-DFB9D8E96773}.Debug|x86.ActiveCfg = Debug|Win32
		{609BC22F-A045-469C-88BB-DFB9D8E96773}.Debug|x86.Build.0 = Debug|Win32
		{609BC22F-A045-469C-88BB-DFB9D8E96773}.Release|x64.ActiveCfg = Release|x64
		{609BC22F-A045-469C-88BB-DFB9D8E96773}.Release|x64.Build.0 = Release|x64
		{609BC22F-A045-469C-88BB-DFB9D8E96773}.Release|x86.ActiveCfg = Release|Win32
		{609BC22F-A045-469C-88BB-DFB9D8E96773}.Release|x86.Build.0 = Release|Win32
		{C5ECFEE8-3A4D-4CB5-82B3-095F8319AA46}.Debug|x64.ActiveCfg = Debug|x64
		{C5ECFEE8-3A4D-4CB5-82B3-095F8319AA46}.Debug|x64.Build.0 = Debug|x64
		{C5ECFEE8-3A4D-4CB5-82B3-095F8319AA46}.Debug|x86.ActiveCfg = Debug|Win32
		{C5ECFEE8-3A4D-4CB5-82B3-095F8319AA46}.Debug|x86.Build.0 = Debug|Win32
		{C5ECFEE8-3A4D-4CB5-82B3-095F8319AA46}.Release|x64.ActiveCfg = Release|x64
		{C5ECFEE8-3A4D-4CB5-82B3-095F8319AA46}.Release|x64.Build.0 = Release|x64
		{C5ECFEE8-3A4D-4CB5-82B3-095F8319AA46}.Release|x86.ActiveCfg = Release|Win32
		{C5ECFEE8-3A4D-4CB5-82B3-095F8319AA46}.Release|x86.Build.0 = Release|Win32
		{61A2EC46-12CD-4B80-A312-843275853628}.Debug|x64.ActiveCfg = Debug|x64
		{61A2EC46-12CD-4B80-A312-843275853628}.Debug|x64.Build.0 = Debug|x64
		{61A2EC46-12CD-4B80-A312-843275853628}.Debug|x86.ActiveCfg = Debug|Win32
		{61A2EC46-12CD-4B80-A312-843275853628}.Debug|x86.Build.0 = Debug|Win32
		{61A2EC46-12CD-4B80-A312-843275853628}.Release|x64.ActiveCfg = Release|x64
		{61A2EC46-12CD-4B80-A312-843275853628}.Release|x64.Build.0 = Release|x64
		{61A2EC46-12CD-4B80-A312-843275853628}.Release|x86.ActiveCfg = Release|Win32
		{61A2EC46-12CD-4B80-A312-843275853628}.Release|x86.Build.0 = Release|Win32
		{516E05AD-2CFB-4E53-8415-D95A4207B193}.Debug|x64.ActiveCfg = Debug|x64
		{516E05AD-2CFB-4E53-8415-D95A4207B193}.Debug|x64.Build.0 = Debug|x64
		{516E05AD-2CFB-4E53-8415-D95A4207B193}.Debug|x86.ActiveCfg = Debug|Win32
		{516E05AD-2CFB-4E53-8415-D95A4207B193}.Debug|x86.Build.0 = Debug|Win32
		{516E05AD-2CFB-4E53-8415-D95A4207B193}.Release|x64.ActiveCfg = Release|x64
		{516E05AD-2CFB-4E53-8415-D95A4207B193}.Release|x64.Build.0 = Release|x64
		{516E05AD-2CFB-4E53-8415-D95A4207B193}.Release|x86.ActiveCfg = Release|Win32
		{516E05AD-2CFB-4E53-8415-D95A4207B193}.Release|x86.Build.0 = Release|Win32
		{9B1C38C6-70BC-4C21-8BD0-DFEAA84AC233}.Debug|x64.ActiveCfg = Debug|x64
		{9B1C38C6-70BC-4C21-8BD0-DFEAA84AC233}.Debug|x64.Build.0 = Debug|x64
		{9B1C38C6-70BC-4C21-8BD0-DFEAA84AC233}.Debug|x86.ActiveCfg = Debug|Win32
		{9B1C38C6-70BC-4C21-8BD0-DFEAA84AC233}.Debug|x86.Build.0 = Debug|Win32
		{9B1C38C6-70BC-4C21-8BD0-DFEAA84AC233}.Release|x64.ActiveCfg = Release|x64
		{9B1C38C6-70BC-4C21-8BD0-DFEAA84AC233}.Release|x64.Build.0 = Release|x64
		{9B1C38C6-70BC-4C21-8BD0-DFEAA84AC233}.Release|x86.ActiveCfg = Release|Win32
		{9B1C38C6-70BC-4C21-8BD0-DFEAA84AC233}.Release|x86.Build.0 = Release|Win32
		{B26AADAD-980E-4A83-9F67-D3C9675214A5}.Debug|x64.ActiveCfg = Debug|x64
		{B26AADAD-980E-4A83-9F67-D3C9675214A5}.Debug|x64.Build.0 = Debug|x64
		{B26AADAD-980E-4A83-9F67-D3C9675214A5}.Debug|x86.ActiveCfg = Debug|Win32
		{B26AADAD-980E-4A83-9F67-D3C9675214A5}.Debug|x86.Build.0 = Debug|Win32
		{B26AADAD-980E-4A83-9F67-D3C9675214A5}.Release|x64.ActiveCfg = Release|x64
		{B26AADAD-980E-4A83-9F67-D3C9675214A5}.Release|x64.Build.0 = Release|x64
		{B26AADAD-980E-4A83-9F67-D3C9675214A5}.Release|x86.ActiveCfg = Release|Win32
		{B26AADAD-980E-4A83-9F67-D3C9675214A5}.Release|x86.Build.0 = Release|Win32
		{933783A9-1EB1-496D-BA6B-6B6DF47FF5C9}.Debug|x64.ActiveCfg = Debug|x64
		{933783A9-1EB1-496D-BA6B-6B6DF47FF5C9}.Debug|x64.Build.0 = Debug|x64
		{933783A9-1EB1-496D-BA6B-6B6DF47FF5C9}.Debug|x86.ActiveCfg = Debug|Win32
		{933783A9-1EB1-496D-BA6B-6B6DF47FF5C9}.Debug|x86.Build.0 = Debug|Win32
		{933783A9-1EB1-496D-BA6B-6B6DF47FF5C9}.Release|x64.ActiveCfg = Release|x64
		{933783A9-1EB1-496D-BA6B-6B6DF47FF5C9}.Release|x64.Build.0 = Release|x64
		{933783A9-1EB1-496D-BA6B-6B6DF47FF5C9}.Release|x86.ActiveCfg = Release|Win32
		{933783A9-1EB1-496D-BA6B-6B6DF47FF5C9}.Release|x86.Build.0 = Release|Win32
		{13A8C1B0-2888-4084-8E24-68BCAB6203D0}.Debug|x64.ActiveCfg = Debug|x64
		{13A8C1B0-2888-4084-8E24-68BCAB6203D0}.Debug|x64.Build.0 = Debug|x64
		{13A8C1B0-2888-4084-8E24-68BCAB6203D0}.Debug|x86.ActiveCfg = Debug|Win32
		{13A8C1B0-2888-4084-8E24-68BCAB6203D0}.Debug|x86.Build.0 = Debug|Win32
		{13A8C1B0-2888-4084-8E24-68BCAB6203D0}.Release|x64.ActiveCfg = Release|x64
		{13A8C1B0-2888-4084-8E24-68BCAB6203D0}.Release|x64.Build.0 = Release|x64
		{13A8C1B0-2888-4084-8E24-68BCAB6203D0}.Release|x86.ActiveCfg = Release|Win32
		{13A8C1B0-2888-4084-8E24-68BCAB6203D0}.Release|x86.Build.0 = Release|Win32
		{00242FC5-577B-48C6-AAAF-0192FC98F257}.Debug|x64.ActiveCfg = Debug|x64
		{00242FC5-577B-48C6-AAAF-0192FC98F257}.Debug|x64.Build.0 = Debug|x64
		{00242FC5-577B-48C6-AAAF-0192FC98F257}.Debug|x86.ActiveCfg = Debug|Win32
		{00242FC5-577B-48C6-AAAF-0192FC98F257}.Debug|x86.Build.0 = Debug|Win32
		{00242FC5-577B-48C6-AAAF-0192FC98F257}.Release|x64.ActiveCfg = Release|x64
		{00242FC5-577B-48C6-AAAF-0192FC98F257}.Release|x64.Build.0 = Release|x64
		{00242FC5-577B-48C6-AAAF-0192FC98F257}.Release|x86.ActiveCfg = Release|Win32
		{00242FC5-577B-48C6-AAAF-0192FC98F257}.Release|x86.Build.0 = Release|Win32
		{095EB0C6-2E86-431D-AE0C-3CB669A9A57A}.Debug|x64.ActiveCfg = Debug|x64
		{095EB0C6-2E86-431D-AE0C-3CB669A9A57A}.Debug|x64.Build.0 = Debug|x64
		{095EB0C6-2E86-431D-AE0C-3CB669A9A57A}.Debug|x86.ActiveCfg = Debug|Win32
		{095EB0C6-2E86-431D-AE0C-3CB669A9A57A}.Debug|x86.Build.0 = Debug|Win32
		{095EB0C6-2E86-431D-AE0C-3CB669A9A57A}.Release|x64.ActiveCfg = Release|x64
		{095EB0C6-2E86-431D-AE0C-3CB669A9A57A}.Release|x64.Build.0 = Release|x64
		{095EB0C6-2E86-431D-AE0C-3CB669A9A57A}.Release|x86.ActiveCfg = Release|Win32
		{095EB0C6-2E86-431D-AE0C-3CB669A9A57A}.Release|x86.Build.0 = Release|Win32
		{B094CD95-8B57-4698-BD31-D7EF9EE6E03D}.Debug|x64.ActiveCfg = Debug|x64
		{B094CD95-8B57-4698-BD31-D7EF9EE6E03D}.Debug|x64.Build.0 = Debug|x64
		{B094CD95-8B57-4698-BD31-D7EF9EE6E03D}.Debug|x86.ActiveCfg = Debug|Win32
		{B094CD95-8B57-4698-BD31-D7EF9EE6E03D}.Debug|x86.Build.0 = Debug|Win32
		{B094CD95-8B57-4698-BD31-D7EF9EE6E03D}.Release|x64.ActiveCfg = Release|x64
		{B094CD95-8B57-4698-BD31-D7EF9EE6E03D}.Release|x64.Build.0 = Release|x64
		{B094CD95-8B57-4698-BD31-D7EF9EE6E03D}.Release|x86.ActiveCfg = Release|Win32
		{B094CD95-8B57-4698-BD31-D7EF9EE6E03D}.Release|x86.Build.0 = Release|Win32
		{4B244AFF-9758-442D-B490-9A23B9311B00}.Debug|x64.ActiveCfg = Debug|x64
		{4B244AFF-9758-442D-B490-9A23B9311B00}.Debug|x64.Build.0 = Debug|x64
		{4B244AFF-9758-442D-B490-9A23B9311B00}.Debug|x86.ActiveCfg = Debug|Win32
		{4B244AFF-9758-442D-B490-9A23B9311B00}.Debug|x86.Build.0 = Debug|Win32
		{4B244AFF-9758-442D-B490-9A23B9311B00}.Release|x64.ActiveCfg = Release|x64
		{4B244AFF-9758-442D-B490-9A23B9311B00}.Release|x64.Build.0 = Release|x64
		{4B244AFF-9758-442D-B490-9A23B9311B00}.Release|x86.ActiveCfg = Release|Win32
		{4B244AFF-9758-442D-B490-9A23B9311B00}.Release|x86.Build.0 = Release|Win32
		{903BEA36-CDB7-4A55-A045-6CC40EA1D932}.Debug|x64.ActiveCfg = Debug|x64
		{903BEA36-CDB7-4A55-A045-6CC40EA1D932}.Debug|x64.Build.0 = Debug|x64
		{903BEA36-CDB7-4A55-A045-6CC40EA1D932}.Debug|x86.ActiveCfg = Debug|Win32
		{903BEA36-CDB7-4A55-A045-6CC40EA1D932}.Debug|x86.Build.0 = Debug|Win32
		{903BEA36-CDB7-4A55-A045-6CC40EA1D932}.Release|x64.ActiveCfg = Release|x64
		{903BEA36-CDB7-4A55-A045-6CC40EA1D932}.Release|x64.Build.0 = Release|x64
		{903BEA36-CDB7-4A55-A045-6CC40EA1D932}.Release|x86.ActiveCfg = Release|Win32
		{903BEA36-CDB7-4A55-A045-6CC40EA1D932}.Release|x86.Build.0 = Release|Win32
		{3B71CDC9-B64E-4AF6-B542-F65DE5F053B3}.Debug|x64.ActiveCfg = Debug|x64
		{3B71CDC9-B64E-4AF6-B542-F65DE5F053B3}.Debug|x64.Build.0 = Debug|x64
		{3B71CDC9-B64E-4AF6-B542-F65DE5F053B3}.Debug|x86.ActiveCfg = Debug|Win32
		{3B71CDC9-B64E-4AF6-B542-F65DE5F053B3}.Debug|x86.Build.0 = Debug|Win32
		{3B71CDC9-B64E-4AF6-B542-F65DE5F053B3}.Release|x64.ActiveCfg = Release|x64
		{3B71CDC9-B64E-4AF6-B542-F65DE5F053B3}.Release|x64.Build.0 = Release|x64
		{3B71CDC9-B64E-4AF6-B542-F65DE5F053B3}.Release|x86.ActiveCfg = Release|Win32
		{3B71CDC9-B64E-4AF6-B542-F65DE5F053B3}.Release|x86.Build.0 = Release|Win32
		{B796E8EB-59CF-4709-9776-A7EC48777713}.Debug|x64.ActiveCfg = Debug|x64
		{B796E8EB-59CF-4709-9776-A7EC48777713}.Debug|x64.Build.0 = Debug|x64
		{B796E8EB-59CF-4709-9776-A7EC48777713}.Debug|x86.ActiveCfg = Debug|Win32
		{B796E8EB-59CF-4709-9776-A7EC48777713}.Debug|x86.Build.0 = Debug|Win32
		{B796E8EB-59CF-4709-9776-A7EC48777713}.Release|x64.ActiveCfg = Release|x64
		{B796E8EB-59CF-4709-9776-A7EC48777713}.Release|x64.Build.0 = Release|x64
		{B796E8EB-59CF-4709-9776-A7EC48777713}.Release|x86.ActiveCfg = Release|Win32
		{B796E8EB-59CF-4709-9776-A7EC48777713}.Release|x86.Build.0 = Release|Win32
		{5F803A59-81C5-421F-BF9B-1A11535C6133}.Debug|x64.ActiveCfg = Debug|x64
		{5F803A59-81C5-421F-BF9B-1A11535C6133}.Debug|x64.Build.0 = Debug|x64
		{5F803A59-81C5-421F-BF9B-1A11535C6133}.Debug|x86.ActiveCfg = Debug|Win32
		{5F803A59-81C5-421F-BF9B-1A11535C6133}.Debug|x86.Build.0 = Debug|Win32
		{5F803A59-81C5-421F-BF9B-1A11535C6133}.Release|x64.ActiveCfg = Release|x64
		{5F803A59-81C5-421F-BF9B-1A11535C6133}.Release|x64.Build.0 = Release|x64
		{5F803A59-81C5-421F-BF9B-1A11535C6133}.Release|x86.ActiveCfg = Release|Win32
		{5F803A59-81C5-421F-BF9B-1A11535C6133}.Release|x86.Build.0 = Release|Win32
		{D8B2C060-9581-408C-AF96-9936B749E885}.Debug|x64.ActiveCfg = Debug|x64
		{D8B2C060-9581-408C-AF96-9936B749E885}.Debug|x64.Build.0 = Debug|x64
		{D8B2C060-9581-408C-AF96-9936B749E885}.Debug|x86.ActiveCfg = Debug|Win32
		{D8B2C060-9581-408C-AF96-9936B749E885}.Debug|x86.Build.0 = Debug|Win32
		{D8B2C060-9581-408C-AF96-9936B749E885}.Release|x64.ActiveCfg = Release|x64
		{D8B2C060-9581-408C-AF96-9936B749E885}.Release|x64.Build.0 = Release|x64
		{D8B2C060-9581-408C-AF96-9936B749E885}.Release|x86.ActiveCfg = Release|Win32
		{D8B2C060-9581-408C-AF96-9936B749E885}.Release|x86.Build.0 = Release|Win32
		{5329FAEF-3BC7-46E7-9CBD-1C8D55B2D586}.Debug|x64.ActiveCfg = Debug|x64
		{5329FAEF-3BC7-46E7-9CBD-1C8D55B2D586}.Debug|x64.Build.0 = Debug|x64
		{5329FAEF-3BC7-46E7-9CBD-1C8D55B2D586}.Debug|x86.ActiveCfg = Debug|Win32
		{5329FAEF-3BC7-46E7-9CBD-1C8D55B2D586}.Debug|x86.Build.0 = Debug|Win32
		{5329FAEF-3BC7-46E7-9CBD-1C8D55B2D586}.Release|x64.ActiveCfg = Release|x64
		{5329FAEF-3BC7-46E7-9CBD-1C8D55B2D586}.Release|x64.Build.0 = Release|x64
		{5329FAEF-3BC7-46E7-9CBD-1C8D55B2D586}.Release|x86.ActiveCfg = Release|Win32
		{5329FAEF-3BC7-46E7-9CBD-1C8D55B2D586}.Release|x86.Build.0 = Release|Win32
		{CEDFB6DB-B5AD-4856-9A1A-0A7556A23D2D}.Debug|x64.ActiveCfg = Debug|x64
		{CEDFB6DB-B5AD-4856-9A1A-0A7556A23D2D}.Debug|x64.Build.0 = Debug|x64
		{CEDFB6DB-B5AD-4856-9A1A-0A7556A23D2D}.Debug|x86.ActiveCfg = Debug|Win32
		{CEDFB6DB-B5AD-4856-9A1A-0A7556A23D2D}.Debug|x86.Build.0 = Debug|Win32
		{CEDFB6DB-B5AD-4856-9A1A-0A7556A23D2D}.Release|x64.ActiveCfg = Release|x64
		{CEDFB6DB-B5AD-4856-9A1A-0A7556A23D2D}.Release|x64.Build.0 = Release|x64
		{CEDFB6DB-B5AD-4856-9A1A-0A7556A23D2D}.Release|x86.ActiveCfg = Release|Win32
		{CEDFB6DB-B5AD-4856-9A1A-0A7556A23D2D}.Release|x86.Build.0 = Release|Win32
		{DF89636F-A16C-4045-B4C6-2C303D768E24}.Debug|x64.ActiveCfg = Debug|x64
		{DF89636F-A16C-4045-B4C6-2C303D768E24}.Debug|x64.Build.0 = Debug|x64
		{DF89636F-A16C-4045-B4C6-2C303D768E24}.Debug|x86.ActiveCfg = Debug|Win32
		{DF89636F-A16C-4045-B4C6-2C303D768E24}.Debug|x86.Build.0 = Debug|Win32
		{DF89636F-A16C-4045-B4C6-2C303D768E24}.Release|x64.ActiveCfg = Release|x64
		{DF89636F-A16C-4045-B4C6-2C303D768E24}.Release|x64.Build.0 = Release|x64
		{DF89636F-A16C-4045-B4C6-2C303D768E24}.Release|x86.ActiveCfg = Release|Win32
		{DF89636F-A16C-4045-B4C6-2C303D768E24}.Release|x86.Build.0 = Release|Win32
		{7F3AFBCD-CF50-4A39-B188-FBE1537F9AD5}.Debug|x64.ActiveCfg = Debug|x64
		{7F3AFBCD-CF50-4A39-B188-FBE1537F9AD5}.Debug|x64.Build.0 = Debug|x64
		{7F3AFBCD-CF50-4A39-B188-FBE1537F9AD5}.Debug|x86.ActiveCfg = Debug|Win32
		{7F3AFBCD-CF50-4A39-B188-FBE1537F9AD5}.Debug|x86.Build.0 = Debug|Win32
		{7F3AFBCD-CF50-4A39-B188-FBE1537F9AD5}.Release|x64.ActiveCfg = Release|x64
		{7F3AFBCD-CF50-4A39-B188-FBE1537F9AD5}.Release|x64.Build.0 = Release|x64
		{7F3AFBCD-CF50-4A39-B188-FBE1537F9AD5}.Release|x86.ActiveCfg = Release|Win32
		{7F3AFBCD-CF50-4A39-B188-FBE1537F9AD5}.Release|x86.Build.0 = Release|Win32
		{1A8274CF-2BA4-425E-A535-A30E03235C46}.Debug|x64.ActiveCfg = Debug|x64
		{1A8274CF-2BA4-425E-A535-A30E03235C46}.Debug|x64.Build.0 = Debug|x64
		{1A8274CF-2BA4-425E-A535-A30E03235C46}.Debug|x86.ActiveCfg = Debug|Win32
		{1A8274CF-2BA4-425E-A535-A30E03235C46}.Debug|x86.Build.0 = Debug|Win32
		{1A8274CF-2BA4-425E-A535-A30E03235C46}.Release|x64.ActiveCfg = Release|x64
		{1A8274CF-2BA4-425E-A535-A30E03235C46}.Release|x64.Build.0 = Release|x64
		{1A8274CF-2BA4-425E-A535-A30E03235C46}.Release|x86.ActiveCfg = Release|Win32
		{1A8274CF-2BA4-425E-A535-A30E03235C46}.Release|x86.Build.0 = Release|Win32
		{F1062BBA-BCA9-47D4-A417-14E9A057552F}.Debug|x64.ActiveCfg = Debug|x64
		{F1062BBA-BCA9-47D4-A417-14E9A057552F}.Debug|x64.Build.0 = Debug|x64
		{F1062BBA-BCA9-47D4-A417-14E9A057552F}.Debug|x86.ActiveCfg = Debug|Win32
		{F1062BBA-BCA9-47D4-A417-14E9A057552F}.Debug|x86.Build.0 = Debug|Win32
		{F1062BBA-BCA9-47D4-A417-14E9A057552F}.Release|x64.ActiveCfg = Release|x64
		{F1062BBA-BCA9-47D4-A417-14E9A057552F}.Release|x64.Build.0 = Release|x64
		{F1062BBA-BCA9-47D4-A417-14E9A057552F}.Release|x86.ActiveCfg = Release|Win32
		{F1062BBA-BCA9-47D4-A417-14E9A057552F}.Release|x86.Build.0 = Release|Win32
		{3D727DD8-6AC1-497C-8CB4-174CAB2CF213}.Debug|x64.ActiveCfg = Debug|x64
		{3D727DD8-6AC1-497C-8CB4-174CAB2CF213}.Debug|x64.Build.0 = Debug|x64
		{3D727DD8-6AC1-497C-8CB4-174CAB2CF213}.Debug|x86.ActiveCfg = Debug|Win32
		{3D727DD8-6AC1-497C-8CB4-174CAB2CF213}.Debug|x86.Build.0 = Debug|Win32
		{3D727DD8-6AC1-497C-8CB4-174CAB2CF213}.Release|x64.ActiveCfg = Release|x64
		{3D727DD8-6AC1-497C-8CB4-174CAB2CF213}.Release|x64.Build.0 = Release|x64
		{3D727DD8-6AC1-497C-8CB4-174CAB2CF213}.Release|x86.ActiveCfg = Release|Win32
		{3D727DD8-6AC1-497C-8CB4-174CAB2CF213}.Release|x86.Build.0 = Release|Win32
		{F6D22855-1583-4AF2-88D5-27DCD5054A3A}.Debug|x64.ActiveCfg = Debug|x64
		{F6D22855-1583-4AF2-88D5-27DCD5054A3A}.Debug|x64.Build.0 = Debug|x64
		{F6D22855-1583-4AF2-88D5-27DCD5054A3A}.Debug|x86.ActiveCfg = Debug|Win32
		{F6D22855-1583-4AF2-88D5-27DCD5054A3A}.Debug|x86.Build.0 = Debug|Win32
		{F6D22855-1583-4AF2-88D5-27DCD5054A3A}.Release|x64.ActiveCfg = Release|x64
		{F6D22855-1583-4AF2-88D5-27DCD5054A3A}.Release|x64.Build.0 = Release|x64
		{F6D22855-1583-4AF2-88D5-27DCD5054A3A}.Release|x86.ActiveCfg = Release|Win32
		{F6D22855-1583-4AF2-88D5-27DCD5054A3A}.Release|x86.Build.0 = Release|Win32
		{18E2E67D-9394-4165-88BD-1A151616B368}.Debug|x64.ActiveCfg = Debug|x64
		{18E2E67D-9394-4165-88BD-1A151616B368}.Debug|x64.Build.0 = Debug|x64
		{18E2E67D-9394-4165-88BD-1A151616B368}.Debug|x86.ActiveCfg = Debug|Win32
		{18E2E67D-9394-4165-88BD-1A151616B368}.Debug|x86.Build.0 = Debug|Win32
		{18E2E67D-9394-4165-88BD-1A151616B368}.Release|x64.ActiveCfg = Release|x64
		{18E2E67D-9394-4165-88BD-1A151616B368}.Release|x64.Build.0 = Release|x64
		{18E2E67D-9394-4165-88BD-1A151616B368}.Release|x86.ActiveCfg = Release|Win32
		{18E2E67D-9394-4165-88BD-1A151616B368}.Release|x86.Build.0 = Release|Win32
		{CEADC69F-510D-4A1E-B0F0-47046385EA8E}.Debug|x64.ActiveCfg = Debug|x64
		{CEADC69F-510D-4A1E-B0F0-47046385EA8E}.Debug|x64.Build.0 = Debug|x64
		{CEADC69F-510D-4A1E-B0F0-47046385EA8E}.Debug|x86.ActiveCfg = Debug|Win32
		{CEADC69F-510D-4A1E-B0F0-47046385EA8E}.Debug|x86.Build.0 = Debug|Win32
		{CEADC69F-510D-4A1E-B0F0-47046385EA8E}.Release|x64.ActiveCfg = Release|x64
		{CEADC69F-510D-4A1E-B0F0-47046385EA8E}.Release|x64.Build.0 = Release|x64
		{CEADC69F-510D-4A1E-B0F0-47046385EA8E}.Release|x86.ActiveCfg = Release|Win32
		{CEADC69F-510D-4A1E-B0F0-47046385EA8E}.Release|x86.Build.0 = Release|Win32
		{52A724F9-7CCF-43DD-BFD1-54CC9E5C9166}.Debug|x64.ActiveCfg = Debug|x64
		{52A724F9-7CCF-43DD-BFD1-54CC9E5C9166}.Debug|x64.Build.0 = Debug|x64
		{52A724F9-7CCF-43DD-BFD1-54CC9E5C9166}.Debug|x86.ActiveCfg = Debug|Win32
		{52A724F9-7CCF-43DD-BFD1-54CC9E5C9166}.Debug|x86.Build.0 = Debug|Win32
		{52A724F9-7CCF-43DD-BFD1-54CC9E5C9166}.Release|x64.ActiveCfg = Release|x64
		{52A724F9-7CCF-43DD-BFD1-54CC9E5C9166}.Release|x64.Build.0 = Release|x64
		{52A724F9-7CCF-43DD-BFD1-54CC9E5C9166}.Release|x86.ActiveCfg = Release|Win32
		{52A724F9-7CCF-43DD-BFD1-54CC9E5C9166}.Release|x86.Build.0 = Release|Win32
		{C45D0FBF-A474-40F5-8A1C-3E402DCE9E00}.Debug|x64.ActiveCfg = Debug|x64
		{C45D0FBF-A474-40F5-8A1C-3E402DCE9E00}.Debug|x64.Build.0 = Debug|x64
		{C45D0FBF-A474-40F5-8A1C-3E402DCE9E00}.Debug|x86.ActiveCfg = Debug|Win32
		{C45D0FBF-A474-40F5-8A1C-3E402DCE9E00}.Debug|x86.Build.0 = Debug|Win32
		{C45D0FBF-A474-40F5-8A1C-3E402DCE9E00}.Release|x64.ActiveCfg = Release|x64
		{C45D0FBF-A474-40F5-8A1C-3E402DCE9E00}.Release|x64.Build.0 = Release|x64
		{C45D0FBF-A474-40F5-8A1C-3E402DCE9E00}.Release|x86.ActiveCfg = Release|Win32
		{C45D0FBF-A474-40F5-8A1C-3E402DCE9E00}.Release|x86.Build.0 = Release|Win32
		{3A5BB360-7271-425B-984C-D5E042610C44}.Debug|x64.ActiveCfg = Debug|x64
		{3A5BB360-7271-425B-984C-D5E042610C44}.Debug|x64.Build.0 = Debug|x64
		{3A5BB360-7271-425B-984C-D5E042610C44}.Debug|x86.ActiveCfg = Debug|Win32
		{3A5BB360-7271-425B-984C-D5E042610C44}.Debug|x86.Build.0 = Debug|Win32
		{3A5BB360-7271-425B-984C-D5E042610C44}.Release|x64.ActiveCfg = Release|x64
		{3A5BB360-7271-425B-984C-D5E042610C44}.Release|x64.Build.0 = Release|x64
		{3A5BB360-7271-425B-984C-D5E042610C44}.Release|x86.ActiveCfg = Release|Win32
		{3A5BB360-7271-425B-984C-D5E042610C44}.Release|x86.Build.0 = Release|Win32
		{0832790F-2954-44E6-B902-360D70B1FB21}.Debug|x64.ActiveCfg = Debug|x64
		{0832790F-2954-44E6-B902-360D70B1FB21}.Debug|x64.Build.0 = Debug|x64
		{0832790F-2954-44E6-B902-360D70B1FB21}.Debug|x86.ActiveCfg = Debug|Win32
		{0832790F-2954-44E6-B902-360D70B1FB21}.Debug|x86.Build.0 = Debug|Win32
		{0832790F-2954-44E6-B902-360D70B1FB21}.Release|x64.ActiveCfg = Release|x64
		{0832790F-2954-44E6-B902-360D70B1FB21}.Release|x64.Build.0 = Release|x64
		{0832790F-2954-44E6-B902-360D70B1FB21}.Release|x86.ActiveCfg = Release|Win32
		{0832790F-2954-44E6-B902-360D70B1FB21}.Release|x86.Build.0 = Release|Win32
		{97C5FCBB-D408-4EC8-9B58-BAC23ACF8D10}.Debug|x64.ActiveCfg = Debug|x64
		{97C5FCBB-D408-4EC8-9B58-BAC23ACF8D10}.Debug|x64.Build.0 = Debug|x64
		{97C5FCBB-D408-4EC8-9B58-BAC23ACF8D10}.Debug|x86.ActiveCfg = Debug|Win32
		{97C5FCBB-D408-4EC8-9B58-BAC23ACF8D10}.Debug|x86.Build.0 = Debug|Win32
		{97C5FCBB-D408-4EC8-9B58-BAC23ACF8D10}.Release|x64.ActiveCfg = Release|x64
		{97C5FCBB-D408-4EC8-9B58-BAC23ACF8D10}.Release|x64.Build.0 = Release|x64
		{97C5FCBB-D408-4EC8-9B58-BAC23ACF8D10}.Release|x86.ActiveCfg = Release|Win32
		{97C5FCBB-D408-4EC8-9B58-BAC23ACF8D10}.Release|x86.Build.0 = Release|Win32
		{4F0E0E94-8DE6-40A4-8679-89331F002FE1}.Debug|x64.ActiveCfg = Debug|x64
		{4F0E0E94-8DE6-40A4-8679-89331F002FE1}.Debug|x64.Build.0 = Debug|x64
		{4F0E0E94-8DE6-40A4-8679-89331F002FE1}.Debug|x86.ActiveCfg = Debug|Win32
		{4F0E0E94-8DE6-40A4-8679-89331F002FE1}.Debug|x86.Build.0 = Debug|Win32
		{4F0E0E94-8DE6-40A4-8679-89331F002FE1}.Release|x64.ActiveCfg = Release|x64
		{4F0E0E94-8DE6-40A4-8679-89331F002FE1}.Release|x64.Build.0 = Release|x64
		{4F0E0E94-8DE6-40A4-8679-89331F002FE1}.Release|x86.ActiveCfg = Release|Win32
		{4F0E0E94-8DE6-40A4-8679-89331F002FE1}.Release|x86.Build.0 = Release|Win32
	EndGlobalSection
	GlobalSection(SolutionProperties) = preSolution
		HideSolutionNode = FALSE
	EndGlobalSection
	GlobalSection(NestedProjects) = preSolution
		{46E792C1-3A38-4E54-B20F-1DE9EB3CBF8B} = {A541AD1E-A869-42A5-9A6A-56D48DEEA01C}
		{EE15395F-B4C6-4001-AC2E-D34AD21AB79C} = {1ACC7E91-7528-40AC-9BA6-EEB63C294249}
		{99E334A7-858A-4C08-A70A-A4CB4D9E7888} = {A541AD1E-A869-42A5-9A6A-56D48DEEA01C}
		{E3F21410-2B79-4517-9838-7E6DBD6F9726} = {A541AD1E-A869-42A5-9A6A-56D48DEEA01C}
		{A2077535-83DC-479E-BA98-01F72FB86960} = {A541AD1E-A869-42A5-9A6A-56D48DEEA01C}
		{23A37D12-73E3-4919-9FDB-154775AA50BB} = {A541AD1E-A869-42A5-9A6A-56D48DEEA01C}
		{F6B9A7AA-CB68-44ED-A683-B517CA69EC81} = {A541AD1E-A869-42A5-9A6A-56D48DEEA01C}
		{9A449CB3-1476-4FD1-B342-B6412B644B04} = {A541AD1E-A869-42A5-9A6A-56D48DEEA01C}
		{A2F67850-0F6F-427C-BE97-9CF2ABFE6629} = {A541AD1E-A869-42A5-9A6A-56D48DEEA01C}
		{2D19E521-0BD2-44DF-B021-FC2A7739455D} = {A541AD1E-A869-42A5-9A6A-56D48DEEA01C}
		{6A807641-99C6-43B2-8E36-5DF81243133D} = {A541AD1E-A869-42A5-9A6A-56D48DEEA01C}
		{0C36CD85-BA08-4184-B757-DF25DB8D5F48} = {A541AD1E-A869-42A5-9A6A-56D48DEEA01C}
		{D1E286A7-1062-495D-8991-80FF4FC23530} = {A541AD1E-A869-42A5-9A6A-56D48DEEA01C}
		{E20285D0-6D99-4654-B960-AC2BB4CF1D58} = {A541AD1E-A869-42A5-9A6A-56D48DEEA01C}
		{4E3E8C28-98CD-4883-BD91-6ABD501225FD} = {A541AD1E-A869-42A5-9A6A-56D48DEEA01C}
		{609BC22F-A045-469C-88BB-DFB9D8E96773} = {A541AD1E-A869-42A5-9A6A-56D48DEEA01C}
		{C5ECFEE8-3A4D-4CB5-82B3-095F8319AA46} = {A541AD1E-A869-42A5-9A6A-56D48DEEA01C}
		{61A2EC46-12CD-4B80-A312-843275853628} = {F7F75B0F-C66F-4C20-A970-B9F164ABBB26}
		{516E05AD-2CFB-4E53-8415-D95A4207B193} = {F7F75B0F-C66F-4C20-A970-B9F164ABBB26}
		{9B1C38C6-70BC-4C21-8BD0-DFEAA84AC233} = {F7F75B0F-C66F-4C20-A970-B9F164ABBB26}
		{B26AADAD-980E-4A83-9F67-D3C9675214A5} = {F7F75B0F-C66F-4C20-A970-B9F164ABBB26}
		{933783A9-1EB1-496D-BA6B-6B6DF47FF5C9} = {F7F75B0F-C66F-4C20-A970-B9F164ABBB26}
		{13A8C1B0-2888-4084-8E24-68BCAB6203D0} = {F7F75B0F-C66F-4C20-A970-B9F164ABBB26}
		{00242FC5-577B-48C6-AAAF-0192FC98F257} = {F7F75B0F-C66F-4C20-A970-B9F164ABBB26}
		{095EB0C6-2E86-431D-AE0C-3CB669A9A57A} = {F7F75B0F-C66F-4C20-A970-B9F164ABBB26}
		{B094CD95-8B57-4698-BD31-D7EF9EE6E03D} = {F7F75B0F-C66F-4C20-A970-B9F164ABBB26}
		{4B244AFF-9758-442D-B490-9A23B9311B00} = {F7F75B0F-C66F-4C20-A970-B9F164ABBB26}
		{903BEA36-CDB7-4A55-A045-6CC40EA1D932} = {9813D84F-C6DD-40D1-B1C0-DEA3D81F5B43}
		{3B71CDC9-B64E-4AF6-B542-F65DE5F053B3} = {9813D84F-C6DD-40D1-B1C0-DEA3D81F5B43}
		{B796E8EB-59CF-4709-9776-A7EC48777713} = {9813D84F-C6DD-40D1-B1C0-DEA3D81F5B43}
		{5F803A59-81C5-421F-BF9B-1A11535C6133} = {9813D84F-C6DD-40D1-B1C0-DEA3D81F5B43}
		{D8B2C060-9581-408C-AF96-9936B749E885} = {9813D84F-C6DD-40D1-B1C0-DEA3D81F5B43}
		{5329FAEF-3BC7-46E7-9CBD-1C8D55B2D586} = {9813D84F-C6DD-40D1-B1C0-DEA3D81F5B43}
		{CEDFB6DB-B5AD-4856-9A1A-0A7556A23D2D} = {9813D84F-C6DD-40D1-B1C0-DEA3D81F5B43}
		{DF89636F-A16C-4045-B4C6-2C303D768E24} = {CE06CEA1-1D83-4F32-80D8-0B9718DE6C49}
		{7F3AFBCD-CF50-4A39-B188-FBE1537F9AD5} = {CE06CEA1-1D83-4F32-80D8-0B9718DE6C49}
		{1A8274CF-2BA4-425E-A535-A30E03235C46} = {CE06CEA1-1D83-4F32-80D8-0B9718DE6C49}
		{F1062BBA-BCA9-47D4-A417-14E9A057552F} = {CE06CEA1-1D83-4F32-80D8-0B9718DE6C49}
		{3D727DD8-6AC1-497C-8CB4-174CAB2CF213} = {CE06CEA1-1D83-4F32-80D8-0B9718DE6C49}
		{F6D22855-1583-4AF2-88D5-27DCD5054A3A} = {CE06CEA1-1D83-4F32-80D8-0B9718DE6C49}
		{18E2E67D-9394-4165-88BD-1A151616B368} = {CE06CEA1-1D83-4F32-80D8-0B9718DE6C49}
		{CEADC69F-510D-4A1E-B0F0-47046385EA8E} = {CE06CEA1-1D83-4F32-80D8-0B9718DE6C49}
		{52A724F9-7CCF-43DD-BFD1-54CC9E5C9166} = {CE06CEA1-1D83-4F32-80D8-0B9718DE6C49}
		{C45D0FBF-A474-40F5-8A1C-3E402DCE9E00} = {CE06CEA1-1D83-4F32-80D8-0B9718DE6C49}
		{3A5BB360-7271-425B-984C-D5E042610C44} = {CE06CEA1-1D83-4F32-80D8-0B9718DE6C49}
		{0832790F-2954-44E6-B902-360D70B1FB21} = {CE06CEA1-1D83-4F32-80D8-0B9718DE6C49}
		{97C5FCBB-D408-4EC8-9B58-BAC23ACF8D10} = {CE06CEA1-1D83-4F32-80D8-0B9718DE6C49}
		{4F0E0E94-8DE6-40A4-8679-89331F002FE1} = {CE06CEA1-1D83-4F32-80D8-0B9718DE6C49}
	EndGlobalSection
	GlobalSection(ExtensibilityGlobals) = postSolution
		SolutionGuid = {C30CF560-1291-461E-81BB-0988927AE92E}
	EndGlobalSection
EndGlobal
